
Microsoft Visual Studio Solution File, Format Version 12.00
# Visual Studio Version 16
VisualStudioVersion = 16.0.31702.278
MinimumVisualStudioVersion = 10.0.40219.1
Project("{9A19103F-16F7-4668-BE54-9A1E7A4F7556}") = "ITGoShop_F_Ver2", "ITGoShop_F_Ver2.csproj", "{EB4450E6-420C-4691-B1D1-C4E7FB32F70B}"
EndProject
Global
	GlobalSection(SolutionConfigurationPlatforms) = preSolution
		Debug|Any CPU = Debug|Any CPU
		Release|Any CPU = Release|Any CPU
	EndGlobalSection
	GlobalSection(ProjectConfigurationPlatforms) = postSolution
		{EB4450E6-420C-4691-B1D1-C4E7FB32F70B}.Debug|Any CPU.ActiveCfg = Debug|Any CPU
		{EB4450E6-420C-4691-B1D1-C4E7FB32F70B}.Debug|Any CPU.Build.0 = Debug|Any CPU
		{EB4450E6-420C-4691-B1D1-C4E7FB32F70B}.Release|Any CPU.ActiveCfg = Release|Any CPU
		{EB4450E6-420C-4691-B1D1-C4E7FB32F70B}.Release|Any CPU.Build.0 = Release|Any CPU
	EndGlobalSection
	GlobalSection(SolutionProperties) = preSolution
		HideSolutionNode = FALSE
	EndGlobalSection
	GlobalSection(ExtensibilityGlobals) = postSolution
		SolutionGuid = {8949D439-9267-4C56-8BCE-38FE128861DE}
	EndGlobalSection
EndGlobal
